
Microsoft Visual Studio Solution File, Format Version 12.00
# Visual Studio Version 17
VisualStudioVersion = 17.14.36623.8 d17.14
MinimumVisualStudioVersion = 10.0.40219.1
Project("{FAE04EC0-301F-11D3-BF4B-00C04F79EFBC}") = "MagicNumbers", "MagicNumbers\MagicNumbers.csproj", "{B7593E1A-38EB-464D-9FBA-08CEB03D8BF8}"
EndProject
Global
	GlobalSection(SolutionConfigurationPlatforms) = preSolution
		Debug|Any CPU = Debug|Any CPU
		Release|Any CPU = Release|Any CPU
	EndGlobalSection
	GlobalSection(ProjectConfigurationPlatforms) = postSolution
		{B7593E1A-38EB-464D-9FBA-08CEB03D8BF8}.Debug|Any CPU.ActiveCfg = Debug|Any CPU
		{B7593E1A-38EB-464D-9FBA-08CEB03D8BF8}.Debug|Any CPU.Build.0 = Debug|Any CPU
		{B7593E1A-38EB-464D-9FBA-08CEB03D8BF8}.Release|Any CPU.ActiveCfg = Release|Any CPU
		{B7593E1A-38EB-464D-9FBA-08CEB03D8BF8}.Release|Any CPU.Build.0 = Release|Any CPU
	EndGlobalSection
	GlobalSection(SolutionProperties) = preSolution
		HideSolutionNode = FALSE
	EndGlobalSection
	GlobalSection(ExtensibilityGlobals) = postSolution
		SolutionGuid = {337A665C-B9DF-4D5D-827E-ADD7212F65DF}
	EndGlobalSection
EndGlobal
